
Microsoft Visual Studio Solution File, Format Version 12.00
Project("{FAE04EC0-301F-11D3-BF4B-00C04F79EFBC}") = "EduChemSuite.API", "EduChemSuite.API\EduChemSuite.API.csproj", "{4ECFE3C7-B67D-4455-8246-23F67FBB165A}"
EndProject
Global
	GlobalSection(SolutionConfigurationPlatforms) = preSolution
		Debug|Any CPU = Debug|Any CPU
		Release|Any CPU = Release|Any CPU
	EndGlobalSection
	GlobalSection(ProjectConfigurationPlatforms) = postSolution
		{4ECFE3C7-B67D-4455-8246-23F67FBB165A}.Debug|Any CPU.ActiveCfg = Debug|Any CPU
		{4ECFE3C7-B67D-4455-8246-23F67FBB165A}.Debug|Any CPU.Build.0 = Debug|Any CPU
		{4ECFE3C7-B67D-4455-8246-23F67FBB165A}.Release|Any CPU.ActiveCfg = Release|Any CPU
		{4ECFE3C7-B67D-4455-8246-23F67FBB165A}.Release|Any CPU.Build.0 = Release|Any CPU
	EndGlobalSection
EndGlobal
